// !$*UTF8*$!
{
	archiveVersion = 1;
	classes = {
	};
	objectVersion = 56;
	objects = {

/* Begin PBXBuildFile section */
		022005BB2A25FFDD0056E7BD /* AppDelegate.swift in Sources */ = {isa = PBXBuildFile; fileRef = 022005BA2A25FFDD0056E7BD /* AppDelegate.swift */; };
		022005BD2A25FFDD0056E7BD /* SceneDelegate.swift in Sources */ = {isa = PBXBuildFile; fileRef = 022005BC2A25FFDD0056E7BD /* SceneDelegate.swift */; };
		022005BF2A25FFDD0056E7BD /* SearchViewController.swift in Sources */ = {isa = PBXBuildFile; fileRef = 022005BE2A25FFDD0056E7BD /* SearchViewController.swift */; };
		022005C52A25FFDD0056E7BD /* TestTaskFromRAY.xcdatamodeld in Sources */ = {isa = PBXBuildFile; fileRef = 022005C32A25FFDD0056E7BD /* TestTaskFromRAY.xcdatamodeld */; };
		022005C72A25FFDD0056E7BD /* Assets.xcassets in Resources */ = {isa = PBXBuildFile; fileRef = 022005C62A25FFDD0056E7BD /* Assets.xcassets */; };
		022005CA2A25FFDD0056E7BD /* LaunchScreen.storyboard in Resources */ = {isa = PBXBuildFile; fileRef = 022005C82A25FFDD0056E7BD /* LaunchScreen.storyboard */; };
		022005D52A25FFDD0056E7BD /* TestTaskFromRAYTests.swift in Sources */ = {isa = PBXBuildFile; fileRef = 022005D42A25FFDD0056E7BD /* TestTaskFromRAYTests.swift */; };
		022005F22A2603EB0056E7BD /* TabBarController.swift in Sources */ = {isa = PBXBuildFile; fileRef = 022005F12A2603EB0056E7BD /* TabBarController.swift */; };
		022005F62A2606920056E7BD /* FavoriteViewController.swift in Sources */ = {isa = PBXBuildFile; fileRef = 022005F52A2606920056E7BD /* FavoriteViewController.swift */; };
		022005FD2A261D830056E7BD /* SearchView.swift in Sources */ = {isa = PBXBuildFile; fileRef = 022005FC2A261D830056E7BD /* SearchView.swift */; };
		022006002A261EB50056E7BD /* FavoriteView.swift in Sources */ = {isa = PBXBuildFile; fileRef = 022005FF2A261EB50056E7BD /* FavoriteView.swift */; };
		022006062A26363C0056E7BD /* BaseTextField.swift in Sources */ = {isa = PBXBuildFile; fileRef = 022006052A26363C0056E7BD /* BaseTextField.swift */; };
		0220060C2A263C3C0056E7BD /* NetworkConstants.swift in Sources */ = {isa = PBXBuildFile; fileRef = 0220060B2A263C3C0056E7BD /* NetworkConstants.swift */; };
		0220060E2A263CA60056E7BD /* ApiProtocol.swift in Sources */ = {isa = PBXBuildFile; fileRef = 0220060D2A263CA60056E7BD /* ApiProtocol.swift */; };
		022006102A263D930056E7BD /* HTTPMethod.swift in Sources */ = {isa = PBXBuildFile; fileRef = 0220060F2A263D930056E7BD /* HTTPMethod.swift */; };
		022006122A263E7D0056E7BD /* RequestError.swift in Sources */ = {isa = PBXBuildFile; fileRef = 022006112A263E7D0056E7BD /* RequestError.swift */; };
		022006142A263EF10056E7BD /* HTTPClient.swift in Sources */ = {isa = PBXBuildFile; fileRef = 022006132A263EF10056E7BD /* HTTPClient.swift */; };
		022BA3E02A2B6DFA00BE119E /* TestTaskFromRAYUITest.swift in Sources */ = {isa = PBXBuildFile; fileRef = 022BA3DF2A2B6DFA00BE119E /* TestTaskFromRAYUITest.swift */; };
		0250509A2A2723F40039A19C /* ImageEndpoint.swift in Sources */ = {isa = PBXBuildFile; fileRef = 025050992A2723F40039A19C /* ImageEndpoint.swift */; };
		0250509C2A27274D0039A19C /* ImageService.swift in Sources */ = {isa = PBXBuildFile; fileRef = 0250509B2A27274D0039A19C /* ImageService.swift */; };
		025050A02A2729A00039A19C /* SearchViewModel.swift in Sources */ = {isa = PBXBuildFile; fileRef = 0250509F2A2729A00039A19C /* SearchViewModel.swift */; };
		025050A32A2730090039A19C /* UIViewController+Extension.swift in Sources */ = {isa = PBXBuildFile; fileRef = 025050A22A2730090039A19C /* UIViewController+Extension.swift */; };
		025050AA2A277AB60039A19C /* ImageModel+CoreDataClass.swift in Sources */ = {isa = PBXBuildFile; fileRef = 025050A82A277AB60039A19C /* ImageModel+CoreDataClass.swift */; };
		025050AB2A277AB60039A19C /* ImageModel+CoreDataProperties.swift in Sources */ = {isa = PBXBuildFile; fileRef = 025050A92A277AB60039A19C /* ImageModel+CoreDataProperties.swift */; };
		025050AE2A277E2C0039A19C /* ImageCoreDataManager.swift in Sources */ = {isa = PBXBuildFile; fileRef = 025050AD2A277E2C0039A19C /* ImageCoreDataManager.swift */; };
		025050B32A2781060039A19C /* FavoriteViewModel.swift in Sources */ = {isa = PBXBuildFile; fileRef = 025050B22A2781060039A19C /* FavoriteViewModel.swift */; };
		025050B52A2791EC0039A19C /* FavoriteTableViewCell.swift in Sources */ = {isa = PBXBuildFile; fileRef = 025050B42A2791EC0039A19C /* FavoriteTableViewCell.swift */; };
/* End PBXBuildFile section */

/* Begin PBXContainerItemProxy section */
		022005D12A25FFDD0056E7BD /* PBXContainerItemProxy */ = {
			isa = PBXContainerItemProxy;
			containerPortal = 022005AF2A25FFDC0056E7BD /* Project object */;
			proxyType = 1;
			remoteGlobalIDString = 022005B62A25FFDD0056E7BD;
			remoteInfo = TestTaskFromRAY;
		};
		022005DB2A25FFDD0056E7BD /* PBXContainerItemProxy */ = {
			isa = PBXContainerItemProxy;
			containerPortal = 022005AF2A25FFDC0056E7BD /* Project object */;
			proxyType = 1;
			remoteGlobalIDString = 022005B62A25FFDD0056E7BD;
			remoteInfo = TestTaskFromRAY;
		};
/* End PBXContainerItemProxy section */

/* Begin PBXFileReference section */
		022005B72A25FFDD0056E7BD /* TestTaskFromRAY.app */ = {isa = PBXFileReference; explicitFileType = wrapper.application; includeInIndex = 0; path = TestTaskFromRAY.app; sourceTree = BUILT_PRODUCTS_DIR; };
		022005BA2A25FFDD0056E7BD /* AppDelegate.swift */ = {isa = PBXFileReference; lastKnownFileType = sourcecode.swift; path = AppDelegate.swift; sourceTree = "<group>"; };
		022005BC2A25FFDD0056E7BD /* SceneDelegate.swift */ = {isa = PBXFileReference; lastKnownFileType = sourcecode.swift; path = SceneDelegate.swift; sourceTree = "<group>"; };
		022005BE2A25FFDD0056E7BD /* SearchViewController.swift */ = {isa = PBXFileReference; lastKnownFileType = sourcecode.swift; path = SearchViewController.swift; sourceTree = "<group>"; };
		022005C42A25FFDD0056E7BD /* TestTaskFromRAY.xcdatamodel */ = {isa = PBXFileReference; lastKnownFileType = wrapper.xcdatamodel; path = TestTaskFromRAY.xcdatamodel; sourceTree = "<group>"; };
		022005C62A25FFDD0056E7BD /* Assets.xcassets */ = {isa = PBXFileReference; lastKnownFileType = folder.assetcatalog; path = Assets.xcassets; sourceTree = "<group>"; };
		022005C92A25FFDD0056E7BD /* Base */ = {isa = PBXFileReference; lastKnownFileType = file.storyboard; name = Base; path = Base.lproj/LaunchScreen.storyboard; sourceTree = "<group>"; };
		022005CB2A25FFDD0056E7BD /* Info.plist */ = {isa = PBXFileReference; lastKnownFileType = text.plist.xml; path = Info.plist; sourceTree = "<group>"; };
		022005D02A25FFDD0056E7BD /* TestTaskFromRAYTests.xctest */ = {isa = PBXFileReference; explicitFileType = wrapper.cfbundle; includeInIndex = 0; path = TestTaskFromRAYTests.xctest; sourceTree = BUILT_PRODUCTS_DIR; };
		022005D42A25FFDD0056E7BD /* TestTaskFromRAYTests.swift */ = {isa = PBXFileReference; lastKnownFileType = sourcecode.swift; path = TestTaskFromRAYTests.swift; sourceTree = "<group>"; };
		022005DA2A25FFDD0056E7BD /* TestTaskFromRAYUITests.xctest */ = {isa = PBXFileReference; explicitFileType = wrapper.cfbundle; includeInIndex = 0; path = TestTaskFromRAYUITests.xctest; sourceTree = BUILT_PRODUCTS_DIR; };
		022005F12A2603EB0056E7BD /* TabBarController.swift */ = {isa = PBXFileReference; lastKnownFileType = sourcecode.swift; path = TabBarController.swift; sourceTree = "<group>"; };
		022005F52A2606920056E7BD /* FavoriteViewController.swift */ = {isa = PBXFileReference; lastKnownFileType = sourcecode.swift; path = FavoriteViewController.swift; sourceTree = "<group>"; };
		022005FC2A261D830056E7BD /* SearchView.swift */ = {isa = PBXFileReference; lastKnownFileType = sourcecode.swift; path = SearchView.swift; sourceTree = "<group>"; };
		022005FF2A261EB50056E7BD /* FavoriteView.swift */ = {isa = PBXFileReference; lastKnownFileType = sourcecode.swift; path = FavoriteView.swift; sourceTree = "<group>"; };
		022006052A26363C0056E7BD /* BaseTextField.swift */ = {isa = PBXFileReference; lastKnownFileType = sourcecode.swift; path = BaseTextField.swift; sourceTree = "<group>"; };
		0220060B2A263C3C0056E7BD /* NetworkConstants.swift */ = {isa = PBXFileReference; lastKnownFileType = sourcecode.swift; path = NetworkConstants.swift; sourceTree = "<group>"; };
		0220060D2A263CA60056E7BD /* ApiProtocol.swift */ = {isa = PBXFileReference; lastKnownFileType = sourcecode.swift; path = ApiProtocol.swift; sourceTree = "<group>"; };
		0220060F2A263D930056E7BD /* HTTPMethod.swift */ = {isa = PBXFileReference; lastKnownFileType = sourcecode.swift; path = HTTPMethod.swift; sourceTree = "<group>"; };
		022006112A263E7D0056E7BD /* RequestError.swift */ = {isa = PBXFileReference; lastKnownFileType = sourcecode.swift; path = RequestError.swift; sourceTree = "<group>"; };
		022006132A263EF10056E7BD /* HTTPClient.swift */ = {isa = PBXFileReference; lastKnownFileType = sourcecode.swift; path = HTTPClient.swift; sourceTree = "<group>"; };
		022BA3DF2A2B6DFA00BE119E /* TestTaskFromRAYUITest.swift */ = {isa = PBXFileReference; lastKnownFileType = sourcecode.swift; path = TestTaskFromRAYUITest.swift; sourceTree = "<group>"; };
		025050992A2723F40039A19C /* ImageEndpoint.swift */ = {isa = PBXFileReference; lastKnownFileType = sourcecode.swift; path = ImageEndpoint.swift; sourceTree = "<group>"; };
		0250509B2A27274D0039A19C /* ImageService.swift */ = {isa = PBXFileReference; lastKnownFileType = sourcecode.swift; path = ImageService.swift; sourceTree = "<group>"; };
		0250509F2A2729A00039A19C /* SearchViewModel.swift */ = {isa = PBXFileReference; lastKnownFileType = sourcecode.swift; path = SearchViewModel.swift; sourceTree = "<group>"; };
		025050A22A2730090039A19C /* UIViewController+Extension.swift */ = {isa = PBXFileReference; lastKnownFileType = sourcecode.swift; path = "UIViewController+Extension.swift"; sourceTree = "<group>"; };
		025050A82A277AB60039A19C /* ImageModel+CoreDataClass.swift */ = {isa = PBXFileReference; lastKnownFileType = sourcecode.swift; path = "ImageModel+CoreDataClass.swift"; sourceTree = "<group>"; };
		025050A92A277AB60039A19C /* ImageModel+CoreDataProperties.swift */ = {isa = PBXFileReference; lastKnownFileType = sourcecode.swift; path = "ImageModel+CoreDataProperties.swift"; sourceTree = "<group>"; };
		025050AD2A277E2C0039A19C /* ImageCoreDataManager.swift */ = {isa = PBXFileReference; lastKnownFileType = sourcecode.swift; path = ImageCoreDataManager.swift; sourceTree = "<group>"; };
		025050B22A2781060039A19C /* FavoriteViewModel.swift */ = {isa = PBXFileReference; lastKnownFileType = sourcecode.swift; path = FavoriteViewModel.swift; sourceTree = "<group>"; };
		025050B42A2791EC0039A19C /* FavoriteTableViewCell.swift */ = {isa = PBXFileReference; lastKnownFileType = sourcecode.swift; path = FavoriteTableViewCell.swift; sourceTree = "<group>"; };
/* End PBXFileReference section */

/* Begin PBXFrameworksBuildPhase section */
		022005B42A25FFDD0056E7BD /* Frameworks */ = {
			isa = PBXFrameworksBuildPhase;
			buildActionMask = 2147483647;
			files = (
			);
			runOnlyForDeploymentPostprocessing = 0;
		};
		022005CD2A25FFDD0056E7BD /* Frameworks */ = {
			isa = PBXFrameworksBuildPhase;
			buildActionMask = 2147483647;
			files = (
			);
			runOnlyForDeploymentPostprocessing = 0;
		};
		022005D72A25FFDD0056E7BD /* Frameworks */ = {
			isa = PBXFrameworksBuildPhase;
			buildActionMask = 2147483647;
			files = (
			);
			runOnlyForDeploymentPostprocessing = 0;
		};
/* End PBXFrameworksBuildPhase section */

/* Begin PBXGroup section */
		022005AE2A25FFDC0056E7BD = {
			isa = PBXGroup;
			children = (
				022005B92A25FFDD0056E7BD /* TestTaskFromRAY */,
				022005D32A25FFDD0056E7BD /* TestTaskFromRAYTests */,
				022005DD2A25FFDD0056E7BD /* TestTaskFromRAYUITests */,
				022005B82A25FFDD0056E7BD /* Products */,
			);
			sourceTree = "<group>";
		};
		022005B82A25FFDD0056E7BD /* Products */ = {
			isa = PBXGroup;
			children = (
				022005B72A25FFDD0056E7BD /* TestTaskFromRAY.app */,
				022005D02A25FFDD0056E7BD /* TestTaskFromRAYTests.xctest */,
				022005DA2A25FFDD0056E7BD /* TestTaskFromRAYUITests.xctest */,
			);
			name = Products;
			sourceTree = "<group>";
		};
		022005B92A25FFDD0056E7BD /* TestTaskFromRAY */ = {
			isa = PBXGroup;
			children = (
				022005ED2A26032B0056E7BD /* Application */,
				022005EE2A2603440056E7BD /* Resource */,
				025050AC2A277AE80039A19C /* DataBase */,
				022005FA2A261D530056E7BD /* Network */,
				022005F02A2603990056E7BD /* Screens */,
				025050B62A279EB40039A19C /* TabBar */,
				022006042A2636230056E7BD /* Other */,
			);
			path = TestTaskFromRAY;
			sourceTree = "<group>";
		};
		022005D32A25FFDD0056E7BD /* TestTaskFromRAYTests */ = {
			isa = PBXGroup;
			children = (
				022005D42A25FFDD0056E7BD /* TestTaskFromRAYTests.swift */,
			);
			path = TestTaskFromRAYTests;
			sourceTree = "<group>";
		};
		022005DD2A25FFDD0056E7BD /* TestTaskFromRAYUITests */ = {
			isa = PBXGroup;
			children = (
				022BA3DF2A2B6DFA00BE119E /* TestTaskFromRAYUITest.swift */,
			);
			path = TestTaskFromRAYUITests;
			sourceTree = "<group>";
		};
		022005ED2A26032B0056E7BD /* Application */ = {
			isa = PBXGroup;
			children = (
				025050A12A272FE90039A19C /* Extensions */,
				022005BC2A25FFDD0056E7BD /* SceneDelegate.swift */,
				022005BA2A25FFDD0056E7BD /* AppDelegate.swift */,
			);
			path = Application;
			sourceTree = "<group>";
		};
		022005EE2A2603440056E7BD /* Resource */ = {
			isa = PBXGroup;
			children = (
				022005C62A25FFDD0056E7BD /* Assets.xcassets */,
				022005CB2A25FFDD0056E7BD /* Info.plist */,
				022005C82A25FFDD0056E7BD /* LaunchScreen.storyboard */,
			);
			path = Resource;
			sourceTree = "<group>";
		};
		022005F02A2603990056E7BD /* Screens */ = {
			isa = PBXGroup;
			children = (
				022005F32A26040D0056E7BD /* SearchViewController */,
				022005F42A26042C0056E7BD /* FavoriteViewController */,
			);
			path = Screens;
			sourceTree = "<group>";
		};
		022005F32A26040D0056E7BD /* SearchViewController */ = {
			isa = PBXGroup;
			children = (
				022005F92A261D380056E7BD /* ViewModel */,
				022005F72A261CF60056E7BD /* Views */,
				022005BE2A25FFDD0056E7BD /* SearchViewController.swift */,
			);
			path = SearchViewController;
			sourceTree = "<group>";
		};
		022005F42A26042C0056E7BD /* FavoriteViewController */ = {
			isa = PBXGroup;
			children = (
				025050B12A2780EC0039A19C /* ViewModel */,
				022005FE2A261E9A0056E7BD /* Views */,
				022005F52A2606920056E7BD /* FavoriteViewController.swift */,
			);
			path = FavoriteViewController;
			sourceTree = "<group>";
		};
		022005F72A261CF60056E7BD /* Views */ = {
			isa = PBXGroup;
			children = (
				022005FC2A261D830056E7BD /* SearchView.swift */,
			);
			path = Views;
			sourceTree = "<group>";
		};
		022005F92A261D380056E7BD /* ViewModel */ = {
			isa = PBXGroup;
			children = (
				0250509F2A2729A00039A19C /* SearchViewModel.swift */,
			);
			path = ViewModel;
			sourceTree = "<group>";
		};
		022005FA2A261D530056E7BD /* Network */ = {
			isa = PBXGroup;
			children = (
				0220060A2A263C1A0056E7BD /* Constants */,
				022006072A263BB00056E7BD /* Base */,
				022006082A263BC00056E7BD /* Endpoints */,
				022006092A263BD00056E7BD /* Services */,
			);
			path = Network;
			sourceTree = "<group>";
		};
		022005FE2A261E9A0056E7BD /* Views */ = {
			isa = PBXGroup;
			children = (
				022005FF2A261EB50056E7BD /* FavoriteView.swift */,
				025050B42A2791EC0039A19C /* FavoriteTableViewCell.swift */,
			);
			path = Views;
			sourceTree = "<group>";
		};
		022006042A2636230056E7BD /* Other */ = {
			isa = PBXGroup;
			children = (
				022006052A26363C0056E7BD /* BaseTextField.swift */,
			);
			path = Other;
			sourceTree = "<group>";
		};
		022006072A263BB00056E7BD /* Base */ = {
			isa = PBXGroup;
			children = (
				0220060D2A263CA60056E7BD /* ApiProtocol.swift */,
				0220060F2A263D930056E7BD /* HTTPMethod.swift */,
				022006132A263EF10056E7BD /* HTTPClient.swift */,
				022006112A263E7D0056E7BD /* RequestError.swift */,
			);
			path = Base;
			sourceTree = "<group>";
		};
		022006082A263BC00056E7BD /* Endpoints */ = {
			isa = PBXGroup;
			children = (
				025050992A2723F40039A19C /* ImageEndpoint.swift */,
			);
			path = Endpoints;
			sourceTree = "<group>";
		};
		022006092A263BD00056E7BD /* Services */ = {
			isa = PBXGroup;
			children = (
				0250509B2A27274D0039A19C /* ImageService.swift */,
			);
			path = Services;
			sourceTree = "<group>";
		};
		0220060A2A263C1A0056E7BD /* Constants */ = {
			isa = PBXGroup;
			children = (
				0220060B2A263C3C0056E7BD /* NetworkConstants.swift */,
			);
			path = Constants;
			sourceTree = "<group>";
		};
		025050A12A272FE90039A19C /* Extensions */ = {
			isa = PBXGroup;
			children = (
				025050A22A2730090039A19C /* UIViewController+Extension.swift */,
			);
			path = Extensions;
			sourceTree = "<group>";
		};
		025050AC2A277AE80039A19C /* DataBase */ = {
			isa = PBXGroup;
			children = (
				025050AF2A277E3A0039A19C /* Models */,
				025050AD2A277E2C0039A19C /* ImageCoreDataManager.swift */,
				022005C32A25FFDD0056E7BD /* TestTaskFromRAY.xcdatamodeld */,
			);
			path = DataBase;
			sourceTree = "<group>";
		};
		025050AF2A277E3A0039A19C /* Models */ = {
			isa = PBXGroup;
			children = (
				025050B02A277E820039A19C /* ImageModel */,
			);
			path = Models;
			sourceTree = "<group>";
		};
		025050B02A277E820039A19C /* ImageModel */ = {
			isa = PBXGroup;
			children = (
				025050A82A277AB60039A19C /* ImageModel+CoreDataClass.swift */,
				025050A92A277AB60039A19C /* ImageModel+CoreDataProperties.swift */,
			);
			path = ImageModel;
			sourceTree = "<group>";
		};
		025050B12A2780EC0039A19C /* ViewModel */ = {
			isa = PBXGroup;
			children = (
				025050B22A2781060039A19C /* FavoriteViewModel.swift */,
			);
			path = ViewModel;
			sourceTree = "<group>";
		};
		025050B62A279EB40039A19C /* TabBar */ = {
			isa = PBXGroup;
			children = (
				022005F12A2603EB0056E7BD /* TabBarController.swift */,
			);
			path = TabBar;
			sourceTree = "<group>";
		};
/* End PBXGroup section */

/* Begin PBXNativeTarget section */
		022005B62A25FFDD0056E7BD /* TestTaskFromRAY */ = {
			isa = PBXNativeTarget;
			buildConfigurationList = 022005E42A25FFDE0056E7BD /* Build configuration list for PBXNativeTarget "TestTaskFromRAY" */;
			buildPhases = (
				022005B32A25FFDD0056E7BD /* Sources */,
				022005B42A25FFDD0056E7BD /* Frameworks */,
				022005B52A25FFDD0056E7BD /* Resources */,
			);
			buildRules = (
			);
			dependencies = (
			);
			name = TestTaskFromRAY;
			productName = TestTaskFromRAY;
			productReference = 022005B72A25FFDD0056E7BD /* TestTaskFromRAY.app */;
			productType = "com.apple.product-type.application";
		};
		022005CF2A25FFDD0056E7BD /* TestTaskFromRAYTests */ = {
			isa = PBXNativeTarget;
			buildConfigurationList = 022005E72A25FFDE0056E7BD /* Build configuration list for PBXNativeTarget "TestTaskFromRAYTests" */;
			buildPhases = (
				022005CC2A25FFDD0056E7BD /* Sources */,
				022005CD2A25FFDD0056E7BD /* Frameworks */,
				022005CE2A25FFDD0056E7BD /* Resources */,
			);
			buildRules = (
			);
			dependencies = (
				022005D22A25FFDD0056E7BD /* PBXTargetDependency */,
			);
			name = TestTaskFromRAYTests;
			productName = TestTaskFromRAYTests;
			productReference = 022005D02A25FFDD0056E7BD /* TestTaskFromRAYTests.xctest */;
			productType = "com.apple.product-type.bundle.unit-test";
		};
		022005D92A25FFDD0056E7BD /* TestTaskFromRAYUITests */ = {
			isa = PBXNativeTarget;
			buildConfigurationList = 022005EA2A25FFDE0056E7BD /* Build configuration list for PBXNativeTarget "TestTaskFromRAYUITests" */;
			buildPhases = (
				022005D62A25FFDD0056E7BD /* Sources */,
				022005D72A25FFDD0056E7BD /* Frameworks */,
				022005D82A25FFDD0056E7BD /* Resources */,
			);
			buildRules = (
			);
			dependencies = (
				022005DC2A25FFDD0056E7BD /* PBXTargetDependency */,
			);
			name = TestTaskFromRAYUITests;
			productName = TestTaskFromRAYUITests;
			productReference = 022005DA2A25FFDD0056E7BD /* TestTaskFromRAYUITests.xctest */;
			productType = "com.apple.product-type.bundle.ui-testing";
		};
/* End PBXNativeTarget section */

/* Begin PBXProject section */
		022005AF2A25FFDC0056E7BD /* Project object */ = {
			isa = PBXProject;
			attributes = {
				BuildIndependentTargetsInParallel = 1;
				LastSwiftUpdateCheck = 1430;
				LastUpgradeCheck = 1430;
				TargetAttributes = {
					022005B62A25FFDD0056E7BD = {
						CreatedOnToolsVersion = 14.3;
					};
					022005CF2A25FFDD0056E7BD = {
						CreatedOnToolsVersion = 14.3;
						TestTargetID = 022005B62A25FFDD0056E7BD;
					};
					022005D92A25FFDD0056E7BD = {
						CreatedOnToolsVersion = 14.3;
						TestTargetID = 022005B62A25FFDD0056E7BD;
					};
				};
			};
			buildConfigurationList = 022005B22A25FFDC0056E7BD /* Build configuration list for PBXProject "TestTaskFromRAY" */;
			compatibilityVersion = "Xcode 14.0";
			developmentRegion = en;
			hasScannedForEncodings = 0;
			knownRegions = (
				en,
				Base,
			);
			mainGroup = 022005AE2A25FFDC0056E7BD;
			productRefGroup = 022005B82A25FFDD0056E7BD /* Products */;
			projectDirPath = "";
			projectRoot = "";
			targets = (
				022005B62A25FFDD0056E7BD /* TestTaskFromRAY */,
				022005CF2A25FFDD0056E7BD /* TestTaskFromRAYTests */,
				022005D92A25FFDD0056E7BD /* TestTaskFromRAYUITests */,
			);
		};
/* End PBXProject section */

/* Begin PBXResourcesBuildPhase section */
		022005B52A25FFDD0056E7BD /* Resources */ = {
			isa = PBXResourcesBuildPhase;
			buildActionMask = 2147483647;
			files = (
				022005CA2A25FFDD0056E7BD /* LaunchScreen.storyboard in Resources */,
				022005C72A25FFDD0056E7BD /* Assets.xcassets in Resources */,
			);
			runOnlyForDeploymentPostprocessing = 0;
		};
		022005CE2A25FFDD0056E7BD /* Resources */ = {
			isa = PBXResourcesBuildPhase;
			buildActionMask = 2147483647;
			files = (
			);
			runOnlyForDeploymentPostprocessing = 0;
		};
		022005D82A25FFDD0056E7BD /* Resources */ = {
			isa = PBXResourcesBuildPhase;
			buildActionMask = 2147483647;
			files = (
			);
			runOnlyForDeploymentPostprocessing = 0;
		};
/* End PBXResourcesBuildPhase section */

/* Begin PBXSourcesBuildPhase section */
		022005B32A25FFDD0056E7BD /* Sources */ = {
			isa = PBXSourcesBuildPhase;
			buildActionMask = 2147483647;
			files = (
				022006002A261EB50056E7BD /* FavoriteView.swift in Sources */,
				0250509C2A27274D0039A19C /* ImageService.swift in Sources */,
				022006062A26363C0056E7BD /* BaseTextField.swift in Sources */,
				022005BF2A25FFDD0056E7BD /* SearchViewController.swift in Sources */,
				0220060E2A263CA60056E7BD /* ApiProtocol.swift in Sources */,
				022005BB2A25FFDD0056E7BD /* AppDelegate.swift in Sources */,
				025050A02A2729A00039A19C /* SearchViewModel.swift in Sources */,
				022005BD2A25FFDD0056E7BD /* SceneDelegate.swift in Sources */,
				025050A32A2730090039A19C /* UIViewController+Extension.swift in Sources */,
				022005FD2A261D830056E7BD /* SearchView.swift in Sources */,
				025050B32A2781060039A19C /* FavoriteViewModel.swift in Sources */,
				022005F22A2603EB0056E7BD /* TabBarController.swift in Sources */,
				022006102A263D930056E7BD /* HTTPMethod.swift in Sources */,
				025050B52A2791EC0039A19C /* FavoriteTableViewCell.swift in Sources */,
				025050AE2A277E2C0039A19C /* ImageCoreDataManager.swift in Sources */,
				022006122A263E7D0056E7BD /* RequestError.swift in Sources */,
				025050AA2A277AB60039A19C /* ImageModel+CoreDataClass.swift in Sources */,
				022006142A263EF10056E7BD /* HTTPClient.swift in Sources */,
				022005F62A2606920056E7BD /* FavoriteViewController.swift in Sources */,
				0220060C2A263C3C0056E7BD /* NetworkConstants.swift in Sources */,
				025050AB2A277AB60039A19C /* ImageModel+CoreDataProperties.swift in Sources */,
				022005C52A25FFDD0056E7BD /* TestTaskFromRAY.xcdatamodeld in Sources */,
				0250509A2A2723F40039A19C /* ImageEndpoint.swift in Sources */,
			);
			runOnlyForDeploymentPostprocessing = 0;
		};
		022005CC2A25FFDD0056E7BD /* Sources */ = {
			isa = PBXSourcesBuildPhase;
			buildActionMask = 2147483647;
			files = (
				022005D52A25FFDD0056E7BD /* TestTaskFromRAYTests.swift in Sources */,
			);
			runOnlyForDeploymentPostprocessing = 0;
		};
		022005D62A25FFDD0056E7BD /* Sources */ = {
			isa = PBXSourcesBuildPhase;
			buildActionMask = 2147483647;
			files = (
				022BA3E02A2B6DFA00BE119E /* TestTaskFromRAYUITest.swift in Sources */,
			);
			runOnlyForDeploymentPostprocessing = 0;
		};
/* End PBXSourcesBuildPhase section */

/* Begin PBXTargetDependency section */
		022005D22A25FFDD0056E7BD /* PBXTargetDependency */ = {
			isa = PBXTargetDependency;
			target = 022005B62A25FFDD0056E7BD /* TestTaskFromRAY */;
			targetProxy = 022005D12A25FFDD0056E7BD /* PBXContainerItemProxy */;
		};
		022005DC2A25FFDD0056E7BD /* PBXTargetDependency */ = {
			isa = PBXTargetDependency;
			target = 022005B62A25FFDD0056E7BD /* TestTaskFromRAY */;
			targetProxy = 022005DB2A25FFDD0056E7BD /* PBXContainerItemProxy */;
		};
/* End PBXTargetDependency section */

/* Begin PBXVariantGroup section */
		022005C82A25FFDD0056E7BD /* LaunchScreen.storyboard */ = {
			isa = PBXVariantGroup;
			children = (
				022005C92A25FFDD0056E7BD /* Base */,
			);
			name = LaunchScreen.storyboard;
			sourceTree = "<group>";
		};
/* End PBXVariantGroup section */

/* Begin XCBuildConfiguration section */
		022005E22A25FFDE0056E7BD /* Debug */ = {
			isa = XCBuildConfiguration;
			buildSettings = {
				ALWAYS_SEARCH_USER_PATHS = NO;
				CLANG_ANALYZER_NONNULL = YES;
				CLANG_ANALYZER_NUMBER_OBJECT_CONVERSION = YES_AGGRESSIVE;
				CLANG_CXX_LANGUAGE_STANDARD = "gnu++20";
				CLANG_ENABLE_MODULES = YES;
				CLANG_ENABLE_OBJC_ARC = YES;
				CLANG_ENABLE_OBJC_WEAK = YES;
				CLANG_WARN_BLOCK_CAPTURE_AUTORELEASING = YES;
				CLANG_WARN_BOOL_CONVERSION = YES;
				CLANG_WARN_COMMA = YES;
				CLANG_WARN_CONSTANT_CONVERSION = YES;
				CLANG_WARN_DEPRECATED_OBJC_IMPLEMENTATIONS = YES;
				CLANG_WARN_DIRECT_OBJC_ISA_USAGE = YES_ERROR;
				CLANG_WARN_DOCUMENTATION_COMMENTS = YES;
				CLANG_WARN_EMPTY_BODY = YES;
				CLANG_WARN_ENUM_CONVERSION = YES;
				CLANG_WARN_INFINITE_RECURSION = YES;
				CLANG_WARN_INT_CONVERSION = YES;
				CLANG_WARN_NON_LITERAL_NULL_CONVERSION = YES;
				CLANG_WARN_OBJC_IMPLICIT_RETAIN_SELF = YES;
				CLANG_WARN_OBJC_LITERAL_CONVERSION = YES;
				CLANG_WARN_OBJC_ROOT_CLASS = YES_ERROR;
				CLANG_WARN_QUOTED_INCLUDE_IN_FRAMEWORK_HEADER = YES;
				CLANG_WARN_RANGE_LOOP_ANALYSIS = YES;
				CLANG_WARN_STRICT_PROTOTYPES = YES;
				CLANG_WARN_SUSPICIOUS_MOVE = YES;
				CLANG_WARN_UNGUARDED_AVAILABILITY = YES_AGGRESSIVE;
				CLANG_WARN_UNREACHABLE_CODE = YES;
				CLANG_WARN__DUPLICATE_METHOD_MATCH = YES;
				COPY_PHASE_STRIP = NO;
				DEBUG_INFORMATION_FORMAT = dwarf;
				ENABLE_STRICT_OBJC_MSGSEND = YES;
				ENABLE_TESTABILITY = YES;
				GCC_C_LANGUAGE_STANDARD = gnu11;
				GCC_DYNAMIC_NO_PIC = NO;
				GCC_NO_COMMON_BLOCKS = YES;
				GCC_OPTIMIZATION_LEVEL = 0;
				GCC_PREPROCESSOR_DEFINITIONS = (
					"DEBUG=1",
					"$(inherited)",
				);
				GCC_WARN_64_TO_32_BIT_CONVERSION = YES;
				GCC_WARN_ABOUT_RETURN_TYPE = YES_ERROR;
				GCC_WARN_UNDECLARED_SELECTOR = YES;
				GCC_WARN_UNINITIALIZED_AUTOS = YES_AGGRESSIVE;
				GCC_WARN_UNUSED_FUNCTION = YES;
				GCC_WARN_UNUSED_VARIABLE = YES;
				IPHONEOS_DEPLOYMENT_TARGET = 16.4;
				MTL_ENABLE_DEBUG_INFO = INCLUDE_SOURCE;
				MTL_FAST_MATH = YES;
				ONLY_ACTIVE_ARCH = YES;
				SDKROOT = iphoneos;
				SWIFT_ACTIVE_COMPILATION_CONDITIONS = DEBUG;
				SWIFT_OPTIMIZATION_LEVEL = "-Onone";
			};
			name = Debug;
		};
		022005E32A25FFDE0056E7BD /* Release */ = {
			isa = XCBuildConfiguration;
			buildSettings = {
				ALWAYS_SEARCH_USER_PATHS = NO;
				CLANG_ANALYZER_NONNULL = YES;
				CLANG_ANALYZER_NUMBER_OBJECT_CONVERSION = YES_AGGRESSIVE;
				CLANG_CXX_LANGUAGE_STANDARD = "gnu++20";
				CLANG_ENABLE_MODULES = YES;
				CLANG_ENABLE_OBJC_ARC = YES;
				CLANG_ENABLE_OBJC_WEAK = YES;
				CLANG_WARN_BLOCK_CAPTURE_AUTORELEASING = YES;
				CLANG_WARN_BOOL_CONVERSION = YES;
				CLANG_WARN_COMMA = YES;
				CLANG_WARN_CONSTANT_CONVERSION = YES;
				CLANG_WARN_DEPRECATED_OBJC_IMPLEMENTATIONS = YES;
				CLANG_WARN_DIRECT_OBJC_ISA_USAGE = YES_ERROR;
				CLANG_WARN_DOCUMENTATION_COMMENTS = YES;
				CLANG_WARN_EMPTY_BODY = YES;
				CLANG_WARN_ENUM_CONVERSION = YES;
				CLANG_WARN_INFINITE_RECURSION = YES;
				CLANG_WARN_INT_CONVERSION = YES;
				CLANG_WARN_NON_LITERAL_NULL_CONVERSION = YES;
				CLANG_WARN_OBJC_IMPLICIT_RETAIN_SELF = YES;
				CLANG_WARN_OBJC_LITERAL_CONVERSION = YES;
				CLANG_WARN_OBJC_ROOT_CLASS = YES_ERROR;
				CLANG_WARN_QUOTED_INCLUDE_IN_FRAMEWORK_HEADER = YES;
				CLANG_WARN_RANGE_LOOP_ANALYSIS = YES;
				CLANG_WARN_STRICT_PROTOTYPES = YES;
				CLANG_WARN_SUSPICIOUS_MOVE = YES;
				CLANG_WARN_UNGUARDED_AVAILABILITY = YES_AGGRESSIVE;
				CLANG_WARN_UNREACHABLE_CODE = YES;
				CLANG_WARN__DUPLICATE_METHOD_MATCH = YES;
				COPY_PHASE_STRIP = NO;
				DEBUG_INFORMATION_FORMAT = "dwarf-with-dsym";
				ENABLE_NS_ASSERTIONS = NO;
				ENABLE_STRICT_OBJC_MSGSEND = YES;
				GCC_C_LANGUAGE_STANDARD = gnu11;
				GCC_NO_COMMON_BLOCKS = YES;
				GCC_WARN_64_TO_32_BIT_CONVERSION = YES;
				GCC_WARN_ABOUT_RETURN_TYPE = YES_ERROR;
				GCC_WARN_UNDECLARED_SELECTOR = YES;
				GCC_WARN_UNINITIALIZED_AUTOS = YES_AGGRESSIVE;
				GCC_WARN_UNUSED_FUNCTION = YES;
				GCC_WARN_UNUSED_VARIABLE = YES;
				IPHONEOS_DEPLOYMENT_TARGET = 16.4;
				MTL_ENABLE_DEBUG_INFO = NO;
				MTL_FAST_MATH = YES;
				SDKROOT = iphoneos;
				SWIFT_COMPILATION_MODE = wholemodule;
				SWIFT_OPTIMIZATION_LEVEL = "-O";
				VALIDATE_PRODUCT = YES;
			};
			name = Release;
		};
		022005E52A25FFDE0056E7BD /* Debug */ = {
			isa = XCBuildConfiguration;
			buildSettings = {
				ASSETCATALOG_COMPILER_APPICON_NAME = AppIcon;
				ASSETCATALOG_COMPILER_GLOBAL_ACCENT_COLOR_NAME = AccentColor;
				CODE_SIGN_STYLE = Automatic;
				CURRENT_PROJECT_VERSION = 1;
				DEVELOPMENT_TEAM = PJYSX9RNA2;
				GENERATE_INFOPLIST_FILE = YES;
				INFOPLIST_FILE = TestTaskFromRAY/Resource/Info.plist;
				INFOPLIST_KEY_UIApplicationSupportsIndirectInputEvents = YES;
				INFOPLIST_KEY_UILaunchStoryboardName = LaunchScreen;
				INFOPLIST_KEY_UISupportedInterfaceOrientations = UIInterfaceOrientationPortrait;
				INFOPLIST_KEY_UISupportedInterfaceOrientations_iPad = "UIInterfaceOrientationLandscapeLeft UIInterfaceOrientationLandscapeRight UIInterfaceOrientationPortrait UIInterfaceOrientationPortraitUpsideDown";
				LD_RUNPATH_SEARCH_PATHS = (
					"$(inherited)",
					"@executable_path/Frameworks",
				);
				MARKETING_VERSION = 1.0;
				PRODUCT_BUNDLE_IDENTIFIER = com.olegkalistratov.TestTaskFromRAY;
				PRODUCT_NAME = "$(TARGET_NAME)";
				SWIFT_EMIT_LOC_STRINGS = YES;
				SWIFT_VERSION = 5.0;
				TARGETED_DEVICE_FAMILY = "1,2";
			};
			name = Debug;
		};
		022005E62A25FFDE0056E7BD /* Release */ = {
			isa = XCBuildConfiguration;
			buildSettings = {
				ASSETCATALOG_COMPILER_APPICON_NAME = AppIcon;
				ASSETCATALOG_COMPILER_GLOBAL_ACCENT_COLOR_NAME = AccentColor;
				CODE_SIGN_STYLE = Automatic;
				CURRENT_PROJECT_VERSION = 1;
				DEVELOPMENT_TEAM = PJYSX9RNA2;
				GENERATE_INFOPLIST_FILE = YES;
				INFOPLIST_FILE = TestTaskFromRAY/Resource/Info.plist;
				INFOPLIST_KEY_UIApplicationSupportsIndirectInputEvents = YES;
				INFOPLIST_KEY_UILaunchStoryboardName = LaunchScreen;
				INFOPLIST_KEY_UISupportedInterfaceOrientations = UIInterfaceOrientationPortrait;
				INFOPLIST_KEY_UISupportedInterfaceOrientations_iPad = "UIInterfaceOrientationLandscapeLeft UIInterfaceOrientationLandscapeRight UIInterfaceOrientationPortrait UIInterfaceOrientationPortraitUpsideDown";
				LD_RUNPATH_SEARCH_PATHS = (
					"$(inherited)",
					"@executable_path/Frameworks",
				);
				MARKETING_VERSION = 1.0;
				PRODUCT_BUNDLE_IDENTIFIER = com.olegkalistratov.TestTaskFromRAY;
				PRODUCT_NAME = "$(TARGET_NAME)";
				SWIFT_EMIT_LOC_STRINGS = YES;
				SWIFT_VERSION = 5.0;
				TARGETED_DEVICE_FAMILY = "1,2";
			};
			name = Release;
		};
		022005E82A25FFDE0056E7BD /* Debug */ = {
			isa = XCBuildConfiguration;
			buildSettings = {
				ALWAYS_EMBED_SWIFT_STANDARD_LIBRARIES = YES;
				BUNDLE_LOADER = "$(TEST_HOST)";
				CODE_SIGN_STYLE = Automatic;
				CURRENT_PROJECT_VERSION = 1;
				DEVELOPMENT_TEAM = PJYSX9RNA2;
				GENERATE_INFOPLIST_FILE = YES;
				IPHONEOS_DEPLOYMENT_TARGET = 16.4;
				MARKETING_VERSION = 1.0;
				PRODUCT_BUNDLE_IDENTIFIER = com.olegkalistratov.TestTaskFromRAYTests;
				PRODUCT_NAME = "$(TARGET_NAME)";
				SWIFT_EMIT_LOC_STRINGS = NO;
				SWIFT_VERSION = 5.0;
				TARGETED_DEVICE_FAMILY = "1,2";
				TEST_HOST = "$(BUILT_PRODUCTS_DIR)/TestTaskFromRAY.app/$(BUNDLE_EXECUTABLE_FOLDER_PATH)/TestTaskFromRAY";
			};
			name = Debug;
		};
		022005E92A25FFDE0056E7BD /* Release */ = {
			isa = XCBuildConfiguration;
			buildSettings = {
				ALWAYS_EMBED_SWIFT_STANDARD_LIBRARIES = YES;
				BUNDLE_LOADER = "$(TEST_HOST)";
				CODE_SIGN_STYLE = Automatic;
				CURRENT_PROJECT_VERSION = 1;
				DEVELOPMENT_TEAM = PJYSX9RNA2;
				GENERATE_INFOPLIST_FILE = YES;
				IPHONEOS_DEPLOYMENT_TARGET = 16.4;
				MARKETING_VERSION = 1.0;
				PRODUCT_BUNDLE_IDENTIFIER = com.olegkalistratov.TestTaskFromRAYTests;
				PRODUCT_NAME = "$(TARGET_NAME)";
				SWIFT_EMIT_LOC_STRINGS = NO;
				SWIFT_VERSION = 5.0;
				TARGETED_DEVICE_FAMILY = "1,2";
				TEST_HOST = "$(BUILT_PRODUCTS_DIR)/TestTaskFromRAY.app/$(BUNDLE_EXECUTABLE_FOLDER_PATH)/TestTaskFromRAY";
			};
			name = Release;
		};
		022005EB2A25FFDE0056E7BD /* Debug */ = {
			isa = XCBuildConfiguration;
			buildSettings = {
				ALWAYS_EMBED_SWIFT_STANDARD_LIBRARIES = YES;
				CODE_SIGN_STYLE = Automatic;
				CURRENT_PROJECT_VERSION = 1;
				DEVELOPMENT_TEAM = PJYSX9RNA2;
				GENERATE_INFOPLIST_FILE = YES;
				MARKETING_VERSION = 1.0;
				PRODUCT_BUNDLE_IDENTIFIER = com.olegkalistratov.TestTaskFromRAYUITests;
				PRODUCT_NAME = "$(TARGET_NAME)";
				SWIFT_EMIT_LOC_STRINGS = NO;
				SWIFT_VERSION = 5.0;
				TARGETED_DEVICE_FAMILY = "1,2";
				TEST_TARGET_NAME = TestTaskFromRAY;
			};
			name = Debug;
		};
		022005EC2A25FFDE0056E7BD /* Release */ = {
			isa = XCBuildConfiguration;
			buildSettings = {
				ALWAYS_EMBED_SWIFT_STANDARD_LIBRARIES = YES;
				CODE_SIGN_STYLE = Automatic;
				CURRENT_PROJECT_VERSION = 1;
				DEVELOPMENT_TEAM = PJYSX9RNA2;
				GENERATE_INFOPLIST_FILE = YES;
				MARKETING_VERSION = 1.0;
				PRODUCT_BUNDLE_IDENTIFIER = com.olegkalistratov.TestTaskFromRAYUITests;
				PRODUCT_NAME = "$(TARGET_NAME)";
				SWIFT_EMIT_LOC_STRINGS = NO;
				SWIFT_VERSION = 5.0;
				TARGETED_DEVICE_FAMILY = "1,2";
				TEST_TARGET_NAME = TestTaskFromRAY;
			};
			name = Release;
		};
/* End XCBuildConfiguration section */

/* Begin XCConfigurationList section */
		022005B22A25FFDC0056E7BD /* Build configuration list for PBXProject "TestTaskFromRAY" */ = {
			isa = XCConfigurationList;
			buildConfigurations = (
				022005E22A25FFDE0056E7BD /* Debug */,
				022005E32A25FFDE0056E7BD /* Release */,
			);
			defaultConfigurationIsVisible = 0;
			defaultConfigurationName = Release;
		};
		022005E42A25FFDE0056E7BD /* Build configuration list for PBXNativeTarget "TestTaskFromRAY" */ = {
			isa = XCConfigurationList;
			buildConfigurations = (
				022005E52A25FFDE0056E7BD /* Debug */,
				022005E62A25FFDE0056E7BD /* Release */,
			);
			defaultConfigurationIsVisible = 0;
			defaultConfigurationName = Release;
		};
		022005E72A25FFDE0056E7BD /* Build configuration list for PBXNativeTarget "TestTaskFromRAYTests" */ = {
			isa = XCConfigurationList;
			buildConfigurations = (
				022005E82A25FFDE0056E7BD /* Debug */,
				022005E92A25FFDE0056E7BD /* Release */,
			);
			defaultConfigurationIsVisible = 0;
			defaultConfigurationName = Release;
		};
		022005EA2A25FFDE0056E7BD /* Build configuration list for PBXNativeTarget "TestTaskFromRAYUITests" */ = {
			isa = XCConfigurationList;
			buildConfigurations = (
				022005EB2A25FFDE0056E7BD /* Debug */,
				022005EC2A25FFDE0056E7BD /* Release */,
			);
			defaultConfigurationIsVisible = 0;
			defaultConfigurationName = Release;
		};
/* End XCConfigurationList section */

/* Begin XCVersionGroup section */
		022005C32A25FFDD0056E7BD /* TestTaskFromRAY.xcdatamodeld */ = {
			isa = XCVersionGroup;
			children = (
				022005C42A25FFDD0056E7BD /* TestTaskFromRAY.xcdatamodel */,
			);
			currentVersion = 022005C42A25FFDD0056E7BD /* TestTaskFromRAY.xcdatamodel */;
			path = TestTaskFromRAY.xcdatamodeld;
			sourceTree = "<group>";
			versionGroupType = wrapper.xcdatamodel;
		};
/* End XCVersionGroup section */
	};
	rootObject = 022005AF2A25FFDC0056E7BD /* Project object */;
}
